// !$*UTF8*$!
{
	archiveVersion = 1;
	classes = {
	};
	objectVersion = 77;
	objects = {

/* Begin PBXBuildFile section */
		21A464E3C49A51F43E175230 /* ContentView.swift in Sources */ = {isa = PBXBuildFile; fileRef = 1FD9693ACC37D4E5C4A1B078 /* ContentView.swift */; };
		4E481E4799C8CB4BCA9AC494 /* AnalogClockView.swift in Sources */ = {isa = PBXBuildFile; fileRef = B989C74093E82346307957DE /* AnalogClockView.swift */; };
		606D389EBB7C8826BCB142F5 /* Assets.xcassets in Resources */ = {isa = PBXBuildFile; fileRef = B4C40B87E6E065F7C8A1B1D5 /* Assets.xcassets */; };
		60AE572643BB04DA8A1C48D0 /* SettingsPanel.swift in Sources */ = {isa = PBXBuildFile; fileRef = CD3C4D0819051A41DE4856A7 /* SettingsPanel.swift */; };
		66F15025AD2DF42A970765C4 /* AdMobConfig.swift in Sources */ = {isa = PBXBuildFile; fileRef = A2942D10D5E1191CDF82F0D0 /* AdMobConfig.swift */; };
		72E58CB8AE8A4BEB06C2478C /* ClockHandsView.swift in Sources */ = {isa = PBXBuildFile; fileRef = 93B7C63594998EE79C38F975 /* ClockHandsView.swift */; };
		764759A9CD8CB64DDC72989E /* AnalogClockApp.swift in Sources */ = {isa = PBXBuildFile; fileRef = 0E39A3D9B41DBE033B53E491 /* AnalogClockApp.swift */; };
		95F2D4CC9393E64A3051EA9C /* ClockDialView.swift in Sources */ = {isa = PBXBuildFile; fileRef = 962FDD1D0A11900D01F1BDA1 /* ClockDialView.swift */; };
		A548FDA548CDCFEE571F615E /* SecondHandMode.swift in Sources */ = {isa = PBXBuildFile; fileRef = F1DAF573DD7FEC7CD1FD114A /* SecondHandMode.swift */; };
		C659B2EA4976D975A186A8C0 /* BannerAdView.swift in Sources */ = {isa = PBXBuildFile; fileRef = 17B60BB35726BF13345079C9 /* BannerAdView.swift */; };
		C936F0457D522156A9152FD3 /* FaceTheme.swift in Sources */ = {isa = PBXBuildFile; fileRef = D5F8D672AC37F7E9CFB5E005 /* FaceTheme.swift */; };
		D2B75FC20473E5C371350C6D /* GoogleMobileAds in Frameworks */ = {isa = PBXBuildFile; productRef = 8B32BD121CD336B9B438EF2F /* GoogleMobileAds */; };
		D8DCC41485802A6671D8F054 /* StoreKit.framework in Frameworks */ = {isa = PBXBuildFile; fileRef = C82145DF9FC60A9570B341A9 /* StoreKit.framework */; };
		D99741AA927DBCDC5891FA47 /* RemoveAdsStore.swift in Sources */ = {isa = PBXBuildFile; fileRef = 3ED9F3D4B0D63213BAA8B310 /* RemoveAdsStore.swift */; };
		E7988083BAB92C36FC3A039D /* ClockMath.swift in Sources */ = {isa = PBXBuildFile; fileRef = 3D954A1C0C7C8772503D4564 /* ClockMath.swift */; };
/* End PBXBuildFile section */

/* Begin PBXFileReference section */
		0E39A3D9B41DBE033B53E491 /* AnalogClockApp.swift */ = {isa = PBXFileReference; lastKnownFileType = sourcecode.swift; path = AnalogClockApp.swift; sourceTree = "<group>"; };
		17B60BB35726BF13345079C9 /* BannerAdView.swift */ = {isa = PBXFileReference; lastKnownFileType = sourcecode.swift; path = BannerAdView.swift; sourceTree = "<group>"; };
		1FD9693ACC37D4E5C4A1B078 /* ContentView.swift */ = {isa = PBXFileReference; lastKnownFileType = sourcecode.swift; path = ContentView.swift; sourceTree = "<group>"; };
		3D954A1C0C7C8772503D4564 /* ClockMath.swift */ = {isa = PBXFileReference; lastKnownFileType = sourcecode.swift; path = ClockMath.swift; sourceTree = "<group>"; };
		3ED9F3D4B0D63213BAA8B310 /* RemoveAdsStore.swift */ = {isa = PBXFileReference; lastKnownFileType = sourcecode.swift; path = RemoveAdsStore.swift; sourceTree = "<group>"; };
		93B7C63594998EE79C38F975 /* ClockHandsView.swift */ = {isa = PBXFileReference; lastKnownFileType = sourcecode.swift; path = ClockHandsView.swift; sourceTree = "<group>"; };
		962FDD1D0A11900D01F1BDA1 /* ClockDialView.swift */ = {isa = PBXFileReference; lastKnownFileType = sourcecode.swift; path = ClockDialView.swift; sourceTree = "<group>"; };
		A2942D10D5E1191CDF82F0D0 /* AdMobConfig.swift */ = {isa = PBXFileReference; lastKnownFileType = sourcecode.swift; path = AdMobConfig.swift; sourceTree = "<group>"; };
		B4C40B87E6E065F7C8A1B1D5 /* Assets.xcassets */ = {isa = PBXFileReference; lastKnownFileType = folder.assetcatalog; path = Assets.xcassets; sourceTree = "<group>"; };
		B989C74093E82346307957DE /* AnalogClockView.swift */ = {isa = PBXFileReference; lastKnownFileType = sourcecode.swift; path = AnalogClockView.swift; sourceTree = "<group>"; };
		C82145DF9FC60A9570B341A9 /* StoreKit.framework */ = {isa = PBXFileReference; lastKnownFileType = wrapper.framework; name = StoreKit.framework; path = System/Library/Frameworks/StoreKit.framework; sourceTree = SDKROOT; };
		CD3C4D0819051A41DE4856A7 /* SettingsPanel.swift */ = {isa = PBXFileReference; lastKnownFileType = sourcecode.swift; path = SettingsPanel.swift; sourceTree = "<group>"; };
		D369563CF2BC9184F2824516 /* AnalogClock.app */ = {isa = PBXFileReference; includeInIndex = 0; lastKnownFileType = wrapper.application; path = AnalogClock.app; sourceTree = BUILT_PRODUCTS_DIR; };
		D5F8D672AC37F7E9CFB5E005 /* FaceTheme.swift */ = {isa = PBXFileReference; lastKnownFileType = sourcecode.swift; path = FaceTheme.swift; sourceTree = "<group>"; };
		F1DAF573DD7FEC7CD1FD114A /* SecondHandMode.swift */ = {isa = PBXFileReference; lastKnownFileType = sourcecode.swift; path = SecondHandMode.swift; sourceTree = "<group>"; };
/* End PBXFileReference section */

/* Begin PBXFrameworksBuildPhase section */
		9825AA5AE26A469EAEC5EFEB /* Frameworks */ = {
			isa = PBXFrameworksBuildPhase;
			buildActionMask = 2147483647;
			files = (
				D2B75FC20473E5C371350C6D /* GoogleMobileAds in Frameworks */,
				D8DCC41485802A6671D8F054 /* StoreKit.framework in Frameworks */,
			);
			runOnlyForDeploymentPostprocessing = 0;
		};
/* End PBXFrameworksBuildPhase section */

/* Begin PBXGroup section */
		2FA1554F49166BDBEDE10710 /* AnalogClock */ = {
			isa = PBXGroup;
			children = (
				A2942D10D5E1191CDF82F0D0 /* AdMobConfig.swift */,
				0E39A3D9B41DBE033B53E491 /* AnalogClockApp.swift */,
				B989C74093E82346307957DE /* AnalogClockView.swift */,
				B4C40B87E6E065F7C8A1B1D5 /* Assets.xcassets */,
				17B60BB35726BF13345079C9 /* BannerAdView.swift */,
				962FDD1D0A11900D01F1BDA1 /* ClockDialView.swift */,
				93B7C63594998EE79C38F975 /* ClockHandsView.swift */,
				3D954A1C0C7C8772503D4564 /* ClockMath.swift */,
				1FD9693ACC37D4E5C4A1B078 /* ContentView.swift */,
				D5F8D672AC37F7E9CFB5E005 /* FaceTheme.swift */,
				3ED9F3D4B0D63213BAA8B310 /* RemoveAdsStore.swift */,
				F1DAF573DD7FEC7CD1FD114A /* SecondHandMode.swift */,
				CD3C4D0819051A41DE4856A7 /* SettingsPanel.swift */,
			);
			path = AnalogClock;
			sourceTree = "<group>";
		};
		83D8CFE00D76214981B0D440 = {
			isa = PBXGroup;
			children = (
				2FA1554F49166BDBEDE10710 /* AnalogClock */,
				AE3D392A7E30BD3D4677BB38 /* Frameworks */,
				C5B3F08E2EB7C23861DC0470 /* Products */,
			);
			sourceTree = "<group>";
		};
		AE3D392A7E30BD3D4677BB38 /* Frameworks */ = {
			isa = PBXGroup;
			children = (
				C82145DF9FC60A9570B341A9 /* StoreKit.framework */,
			);
			name = Frameworks;
			sourceTree = "<group>";
		};
		C5B3F08E2EB7C23861DC0470 /* Products */ = {
			isa = PBXGroup;
			children = (
				D369563CF2BC9184F2824516 /* AnalogClock.app */,
			);
			name = Products;
			sourceTree = "<group>";
		};
/* End PBXGroup section */

/* Begin PBXNativeTarget section */
		826FF511BD5C7BEB63AA5B39 /* AnalogClock */ = {
			isa = PBXNativeTarget;
			buildConfigurationList = A2D0FCA5B1EDB5DAD5F50D40 /* Build configuration list for PBXNativeTarget "AnalogClock" */;
			buildPhases = (
				04D9311225D403A142C25108 /* Sources */,
				002745A0130EAFB382917413 /* Resources */,
				9825AA5AE26A469EAEC5EFEB /* Frameworks */,
			);
			buildRules = (
			);
			dependencies = (
			);
			name = AnalogClock;
			packageProductDependencies = (
				8B32BD121CD336B9B438EF2F /* GoogleMobileAds */,
			);
			productName = AnalogClock;
			productReference = D369563CF2BC9184F2824516 /* AnalogClock.app */;
			productType = "com.apple.product-type.application";
		};
/* End PBXNativeTarget section */

/* Begin PBXProject section */
		3AD7A3E94CDA400716D5D72E /* Project object */ = {
			isa = PBXProject;
			attributes = {
				BuildIndependentTargetsInParallel = YES;
				LastUpgradeCheck = 1600;
				TargetAttributes = {
					826FF511BD5C7BEB63AA5B39 = {
						DevelopmentTeam = 3C2T7V7382;
						ProvisioningStyle = Automatic;
					};
				};
			};
			buildConfigurationList = FE0315D80BA998151E068D4A /* Build configuration list for PBXProject "AnalogClock" */;
			compatibilityVersion = "Xcode 14.0";
			developmentRegion = "zh-Hans";
			hasScannedForEncodings = 0;
			knownRegions = (
				Base,
				"zh-Hans",
			);
			mainGroup = 83D8CFE00D76214981B0D440;
			minimizedProjectReferenceProxies = 1;
			packageReferences = (
				279C3D722C746559BF1729A1 /* XCRemoteSwiftPackageReference "swift-package-manager-google-mobile-ads" */,
			);
			preferredProjectObjectVersion = 77;
			projectDirPath = "";
			projectRoot = "";
			targets = (
				826FF511BD5C7BEB63AA5B39 /* AnalogClock */,
			);
		};
/* End PBXProject section */

/* Begin PBXResourcesBuildPhase section */
		002745A0130EAFB382917413 /* Resources */ = {
			isa = PBXResourcesBuildPhase;
			buildActionMask = 2147483647;
			files = (
				606D389EBB7C8826BCB142F5 /* Assets.xcassets in Resources */,
			);
			runOnlyForDeploymentPostprocessing = 0;
		};
/* End PBXResourcesBuildPhase section */

/* Begin PBXSourcesBuildPhase section */
		04D9311225D403A142C25108 /* Sources */ = {
			isa = PBXSourcesBuildPhase;
			buildActionMask = 2147483647;
			files = (
				66F15025AD2DF42A970765C4 /* AdMobConfig.swift in Sources */,
				764759A9CD8CB64DDC72989E /* AnalogClockApp.swift in Sources */,
				4E481E4799C8CB4BCA9AC494 /* AnalogClockView.swift in Sources */,
				C659B2EA4976D975A186A8C0 /* BannerAdView.swift in Sources */,
				95F2D4CC9393E64A3051EA9C /* ClockDialView.swift in Sources */,
				72E58CB8AE8A4BEB06C2478C /* ClockHandsView.swift in Sources */,
				E7988083BAB92C36FC3A039D /* ClockMath.swift in Sources */,
				21A464E3C49A51F43E175230 /* ContentView.swift in Sources */,
				C936F0457D522156A9152FD3 /* FaceTheme.swift in Sources */,
				D99741AA927DBCDC5891FA47 /* RemoveAdsStore.swift in Sources */,
				A548FDA548CDCFEE571F615E /* SecondHandMode.swift in Sources */,
				60AE572643BB04DA8A1C48D0 /* SettingsPanel.swift in Sources */,
			);
			runOnlyForDeploymentPostprocessing = 0;
		};
/* End PBXSourcesBuildPhase section */

/* Begin XCBuildConfiguration section */
		11121E9029A8A561875AC892 /* Release */ = {
			isa = XCBuildConfiguration;
			buildSettings = {
				CURRENT_PROJECT_VERSION = 1;
				DEVELOPMENT_TEAM = 3C2T7V7382;
				IPHONEOS_DEPLOYMENT_TARGET = 17.0;
				MARKETING_VERSION = 1.0;
				SDKROOT = iphoneos;
				SWIFT_VERSION = 5.9;
				TARGETED_DEVICE_FAMILY = "1,2";
			};
			name = Release;
		};
		6AA7FB7D5D2EF0E8FE084CA5 /* Debug */ = {
			isa = XCBuildConfiguration;
			buildSettings = {
				CURRENT_PROJECT_VERSION = 1;
				DEVELOPMENT_TEAM = 3C2T7V7382;
				IPHONEOS_DEPLOYMENT_TARGET = 17.0;
				MARKETING_VERSION = 1.0;
				SDKROOT = iphoneos;
				SWIFT_VERSION = 5.9;
				TARGETED_DEVICE_FAMILY = "1,2";
			};
			name = Debug;
		};
		827E82E3303C6BCFBB1F6C7D /* Release */ = {
			isa = XCBuildConfiguration;
			buildSettings = {
				ASSETCATALOG_COMPILER_APPICON_NAME = AppIcon;
				CODE_SIGN_STYLE = Automatic;
				DEVELOPMENT_TEAM = 3C2T7V7382;
				ENABLE_PREVIEWS = YES;
				GENERATE_INFOPLIST_FILE = NO;
				INFOPLIST_FILE = AnalogClock/Info.plist;
				IPHONEOS_DEPLOYMENT_TARGET = 17.0;
				PRODUCT_BUNDLE_IDENTIFIER = com.tycosplayer.analogclock;
				PRODUCT_NAME = AnalogClock;
				SUPPORTED_INTERFACE_ORIENTATIONS = "UIInterfaceOrientationPortrait UIInterfaceOrientationPortraitUpsideDown UIInterfaceOrientationLandscapeLeft UIInterfaceOrientationLandscapeRight";
				SWIFT_EMIT_LOC_STRINGS = YES;
				TARGETED_DEVICE_FAMILY = "1,2";
			};
			name = Release;
		};
		B76A5A57E1CBC66599A65CCC /* Debug */ = {
			isa = XCBuildConfiguration;
			buildSettings = {
				ASSETCATALOG_COMPILER_APPICON_NAME = AppIcon;
				CODE_SIGN_STYLE = Automatic;
				DEVELOPMENT_TEAM = 3C2T7V7382;
				ENABLE_PREVIEWS = YES;
				GENERATE_INFOPLIST_FILE = NO;
				INFOPLIST_FILE = AnalogClock/Info.plist;
				IPHONEOS_DEPLOYMENT_TARGET = 17.0;
				PRODUCT_BUNDLE_IDENTIFIER = com.tycosplayer.analogclock;
				PRODUCT_NAME = AnalogClock;
				SUPPORTED_INTERFACE_ORIENTATIONS = "UIInterfaceOrientationPortrait UIInterfaceOrientationPortraitUpsideDown UIInterfaceOrientationLandscapeLeft UIInterfaceOrientationLandscapeRight";
				SWIFT_EMIT_LOC_STRINGS = YES;
				TARGETED_DEVICE_FAMILY = "1,2";
			};
			name = Debug;
		};
/* End XCBuildConfiguration section */

/* Begin XCConfigurationList section */
		A2D0FCA5B1EDB5DAD5F50D40 /* Build configuration list for PBXNativeTarget "AnalogClock" */ = {
			isa = XCConfigurationList;
			buildConfigurations = (
				B76A5A57E1CBC66599A65CCC /* Debug */,
				827E82E3303C6BCFBB1F6C7D /* Release */,
			);
			defaultConfigurationIsVisible = 0;
			defaultConfigurationName = Debug;
		};
		FE0315D80BA998151E068D4A /* Build configuration list for PBXProject "AnalogClock" */ = {
			isa = XCConfigurationList;
			buildConfigurations = (
				6AA7FB7D5D2EF0E8FE084CA5 /* Debug */,
				11121E9029A8A561875AC892 /* Release */,
			);
			defaultConfigurationIsVisible = 0;
			defaultConfigurationName = Debug;
		};
/* End XCConfigurationList section */

/* Begin XCRemoteSwiftPackageReference section */
		279C3D722C746559BF1729A1 /* XCRemoteSwiftPackageReference "swift-package-manager-google-mobile-ads" */ = {
			isa = XCRemoteSwiftPackageReference;
			repositoryURL = "https://github.com/googleads/swift-package-manager-google-mobile-ads.git";
			requirement = {
				kind = upToNextMajorVersion;
				minimumVersion = 12.0.0;
			};
		};
/* End XCRemoteSwiftPackageReference section */

/* Begin XCSwiftPackageProductDependency section */
		8B32BD121CD336B9B438EF2F /* GoogleMobileAds */ = {
			isa = XCSwiftPackageProductDependency;
			package = 279C3D722C746559BF1729A1 /* XCRemoteSwiftPackageReference "swift-package-manager-google-mobile-ads" */;
			productName = GoogleMobileAds;
		};
/* End XCSwiftPackageProductDependency section */
	};
	rootObject = 3AD7A3E94CDA400716D5D72E /* Project object */;
}
